
Microsoft Visual Studio Solution File, Format Version 12.00
# Visual Studio Version 17
VisualStudioVersion = 17.3.32922.545
MinimumVisualStudioVersion = 10.0.40219.1
Project("{9A19103F-16F7-4668-BE54-9A1E7A4F7556}") = "MdXaml", "MdXaml\MdXaml.csproj", "{3B285B6B-C6C9-4FF5-AD2B-04808862D81E}"
EndProject
Project("{2150E333-8FDC-42A3-9474-1A3956D46DE8}") = "build", "build", "{39859568-90DD-4BA1-A525-2899C232B44E}"
	ProjectSection(SolutionItems) = preProject
		Directory.Build.props = Directory.Build.props
	EndProjectSection
EndProject
Project("{2150E333-8FDC-42A3-9474-1A3956D46DE8}") = "tests", "tests", "{09BEAB2A-F47E-4D2B-AE81-8DC1BBB52638}"
EndProject
Project("{2150E333-8FDC-42A3-9474-1A3956D46DE8}") = "samples", "samples", "{435867FA-EE25-4708-9BBA-8509ABC7E389}"
EndProject
Project("{9A19103F-16F7-4668-BE54-9A1E7A4F7556}") = "MdXaml.Test", "tests\MdXaml.Test\MdXaml.Test.csproj", "{E7AB6D7A-09EE-4CB7-9D4B-EC600AB1A1AD}"
EndProject
Project("{9A19103F-16F7-4668-BE54-9A1E7A4F7556}") = "MdXaml.Demo", "samples\MdXaml.Demo\MdXaml.Demo.csproj", "{0293CDD8-3407-436C-8D3D-497A04A376BD}"
EndProject
Project("{9A19103F-16F7-4668-BE54-9A1E7A4F7556}") = "MdXaml.Demo2", "samples\MdXaml.Demo2\MdXaml.Demo2.csproj", "{D584F051-B044-4B5C-9F51-E826656EDE6D}"
EndProject
Project("{9A19103F-16F7-4668-BE54-9A1E7A4F7556}") = "WithFluentWPF", "samples\WithFluentWPF\WithFluentWPF.csproj", "{C539C7B4-BBF2-4AC2-A732-0C47E125CCD2}"
EndProject
Project("{9A19103F-16F7-4668-BE54-9A1E7A4F7556}") = "MdXaml.Html", "MdXaml.Html\MdXaml.Html.csproj", "{67BB50BF-B50A-4EBE-A232-BE8C407B38E0}"
EndProject
Project("{9A19103F-16F7-4668-BE54-9A1E7A4F7556}") = "Mixing.Test", "tests\Mixing.Test\Mixing.Test.csproj", "{C45A1400-B4E9-4638-BF1F-4BB38CEC5E93}"
EndProject
Project("{9A19103F-16F7-4668-BE54-9A1E7A4F7556}") = "MdXaml.Svg", "MdXaml.Svg\MdXaml.Svg.csproj", "{83D2F5A4-6489-4078-BDBC-F4F941B9D27B}"
EndProject
Project("{9A19103F-16F7-4668-BE54-9A1E7A4F7556}") = "MdXaml.Html.Test", "tests\MdXaml.Html.Test\MdXaml.Html.Test.csproj", "{CEF2B49F-90AF-4B65-AA0C-A12AB1C0A18F}"
EndProject
Project("{9A19103F-16F7-4668-BE54-9A1E7A4F7556}") = "MdXaml.Plugins", "MdXaml.Plugins\MdXaml.Plugins.csproj", "{823DB5D5-17C0-4418-895C-A28DD7D04CE9}"
EndProject
Project("{9A19103F-16F7-4668-BE54-9A1E7A4F7556}") = "MdXaml.AnimatedGif", "MdXaml.AnimatedGif\MdXaml.AnimatedGif.csproj", "{A7666AD6-CB44-4399-AC61-05DE80D65F9D}"
EndProject
Project("{9A19103F-16F7-4668-BE54-9A1E7A4F7556}") = "MdXaml.Full", "MdXaml.Full\MdXaml.Full.csproj", "{0ABF174B-B7EA-4225-BB56-5A6E8C011CFB}"
EndProject
Project("{9A19103F-16F7-4668-BE54-9A1E7A4F7556}") = "CheckMemoryLeak", "samples\CheckMemoryLeak\CheckMemoryLeak.csproj", "{CC0EBCF6-0EE9-4873-BB6F-6A9F4CF84B79}"
EndProject
Global
	GlobalSection(SolutionConfigurationPlatforms) = preSolution
		Debug|Any CPU = Debug|Any CPU
		Release|Any CPU = Release|Any CPU
	EndGlobalSection
	GlobalSection(ProjectConfigurationPlatforms) = postSolution
		{3B285B6B-C6C9-4FF5-AD2B-04808862D81E}.Debug|Any CPU.ActiveCfg = Debug|Any CPU
		{3B285B6B-C6C9-4FF5-AD2B-04808862D81E}.Debug|Any CPU.Build.0 = Debug|Any CPU
		{3B285B6B-C6C9-4FF5-AD2B-04808862D81E}.Release|Any CPU.ActiveCfg = Release|Any CPU
		{3B285B6B-C6C9-4FF5-AD2B-04808862D81E}.Release|Any CPU.Build.0 = Release|Any CPU
		{E7AB6D7A-09EE-4CB7-9D4B-EC600AB1A1AD}.Debug|Any CPU.ActiveCfg = Debug|Any CPU
		{E7AB6D7A-09EE-4CB7-9D4B-EC600AB1A1AD}.Debug|Any CPU.Build.0 = Debug|Any CPU
		{E7AB6D7A-09EE-4CB7-9D4B-EC600AB1A1AD}.Release|Any CPU.ActiveCfg = Release|Any CPU
		{E7AB6D7A-09EE-4CB7-9D4B-EC600AB1A1AD}.Release|Any CPU.Build.0 = Release|Any CPU
		{0293CDD8-3407-436C-8D3D-497A04A376BD}.Debug|Any CPU.ActiveCfg = Debug|Any CPU
		{0293CDD8-3407-436C-8D3D-497A04A376BD}.Debug|Any CPU.Build.0 = Debug|Any CPU
		{0293CDD8-3407-436C-8D3D-497A04A376BD}.Release|Any CPU.ActiveCfg = Release|Any CPU
		{0293CDD8-3407-436C-8D3D-497A04A376BD}.Release|Any CPU.Build.0 = Release|Any CPU
		{D584F051-B044-4B5C-9F51-E826656EDE6D}.Debug|Any CPU.ActiveCfg = Debug|Any CPU
		{D584F051-B044-4B5C-9F51-E826656EDE6D}.Debug|Any CPU.Build.0 = Debug|Any CPU
		{D584F051-B044-4B5C-9F51-E826656EDE6D}.Release|Any CPU.ActiveCfg = Release|Any CPU
		{D584F051-B044-4B5C-9F51-E826656EDE6D}.Release|Any CPU.Build.0 = Release|Any CPU
		{C539C7B4-BBF2-4AC2-A732-0C47E125CCD2}.Debug|Any CPU.ActiveCfg = Debug|Any CPU
		{C539C7B4-BBF2-4AC2-A732-0C47E125CCD2}.Debug|Any CPU.Build.0 = Debug|Any CPU
		{C539C7B4-BBF2-4AC2-A732-0C47E125CCD2}.Release|Any CPU.ActiveCfg = Release|Any CPU
		{C539C7B4-BBF2-4AC2-A732-0C47E125CCD2}.Release|Any CPU.Build.0 = Release|Any CPU
		{67BB50BF-B50A-4EBE-A232-BE8C407B38E0}.Debug|Any CPU.ActiveCfg = Debug|Any CPU
		{67BB50BF-B50A-4EBE-A232-BE8C407B38E0}.Debug|Any CPU.Build.0 = Debug|Any CPU
		{67BB50BF-B50A-4EBE-A232-BE8C407B38E0}.Release|Any CPU.ActiveCfg = Release|Any CPU
		{67BB50BF-B50A-4EBE-A232-BE8C407B38E0}.Release|Any CPU.Build.0 = Release|Any CPU
		{C45A1400-B4E9-4638-BF1F-4BB38CEC5E93}.Debug|Any CPU.ActiveCfg = Debug|Any CPU
		{C45A1400-B4E9-4638-BF1F-4BB38CEC5E93}.Debug|Any CPU.Build.0 = Debug|Any CPU
		{C45A1400-B4E9-4638-BF1F-4BB38CEC5E93}.Release|Any CPU.ActiveCfg = Release|Any CPU
		{C45A1400-B4E9-4638-BF1F-4BB38CEC5E93}.Release|Any CPU.Build.0 = Release|Any CPU
		{83D2F5A4-6489-4078-BDBC-F4F941B9D27B}.Debug|Any CPU.ActiveCfg = Debug|Any CPU
		{83D2F5A4-6489-4078-BDBC-F4F941B9D27B}.Debug|Any CPU.Build.0 = Debug|Any CPU
		{83D2F5A4-6489-4078-BDBC-F4F941B9D27B}.Release|Any CPU.ActiveCfg = Release|Any CPU
		{83D2F5A4-6489-4078-BDBC-F4F941B9D27B}.Release|Any CPU.Build.0 = Release|Any CPU
		{CEF2B49F-90AF-4B65-AA0C-A12AB1C0A18F}.Debug|Any CPU.ActiveCfg = Debug|Any CPU
		{CEF2B49F-90AF-4B65-AA0C-A12AB1C0A18F}.Debug|Any CPU.Build.0 = Debug|Any CPU
		{CEF2B49F-90AF-4B65-AA0C-A12AB1C0A18F}.Release|Any CPU.ActiveCfg = Release|Any CPU
		{CEF2B49F-90AF-4B65-AA0C-A12AB1C0A18F}.Release|Any CPU.Build.0 = Release|Any CPU
		{823DB5D5-17C0-4418-895C-A28DD7D04CE9}.Debug|Any CPU.ActiveCfg = Debug|Any CPU
		{823DB5D5-17C0-4418-895C-A28DD7D04CE9}.Debug|Any CPU.Build.0 = Debug|Any CPU
		{823DB5D5-17C0-4418-895C-A28DD7D04CE9}.Release|Any CPU.ActiveCfg = Release|Any CPU
		{823DB5D5-17C0-4418-895C-A28DD7D04CE9}.Release|Any CPU.Build.0 = Release|Any CPU
		{A7666AD6-CB44-4399-AC61-05DE80D65F9D}.Debug|Any CPU.ActiveCfg = Debug|Any CPU
		{A7666AD6-CB44-4399-AC61-05DE80D65F9D}.Debug|Any CPU.Build.0 = Debug|Any CPU
		{A7666AD6-CB44-4399-AC61-05DE80D65F9D}.Release|Any CPU.ActiveCfg = Release|Any CPU
		{A7666AD6-CB44-4399-AC61-05DE80D65F9D}.Release|Any CPU.Build.0 = Release|Any CPU
		{0ABF174B-B7EA-4225-BB56-5A6E8C011CFB}.Debug|Any CPU.ActiveCfg = Debug|Any CPU
		{0ABF174B-B7EA-4225-BB56-5A6E8C011CFB}.Debug|Any CPU.Build.0 = Debug|Any CPU
		{0ABF174B-B7EA-4225-BB56-5A6E8C011CFB}.Release|Any CPU.ActiveCfg = Release|Any CPU
		{0ABF174B-B7EA-4225-BB56-5A6E8C011CFB}.Release|Any CPU.Build.0 = Release|Any CPU
		{CC0EBCF6-0EE9-4873-BB6F-6A9F4CF84B79}.Debug|Any CPU.ActiveCfg = Debug|Any CPU
		{CC0EBCF6-0EE9-4873-BB6F-6A9F4CF84B79}.Debug|Any CPU.Build.0 = Debug|Any CPU
		{CC0EBCF6-0EE9-4873-BB6F-6A9F4CF84B79}.Release|Any CPU.ActiveCfg = Release|Any CPU
		{CC0EBCF6-0EE9-4873-BB6F-6A9F4CF84B79}.Release|Any CPU.Build.0 = Release|Any CPU
	EndGlobalSection
	GlobalSection(SolutionProperties) = preSolution
		HideSolutionNode = FALSE
	EndGlobalSection
	GlobalSection(NestedProjects) = preSolution
		{E7AB6D7A-09EE-4CB7-9D4B-EC600AB1A1AD} = {09BEAB2A-F47E-4D2B-AE81-8DC1BBB52638}
		{0293CDD8-3407-436C-8D3D-497A04A376BD} = {435867FA-EE25-4708-9BBA-8509ABC7E389}
		{D584F051-B044-4B5C-9F51-E826656EDE6D} = {435867FA-EE25-4708-9BBA-8509ABC7E389}
		{C539C7B4-BBF2-4AC2-A732-0C47E125CCD2} = {435867FA-EE25-4708-9BBA-8509ABC7E389}
		{C45A1400-B4E9-4638-BF1F-4BB38CEC5E93} = {09BEAB2A-F47E-4D2B-AE81-8DC1BBB52638}
		{CEF2B49F-90AF-4B65-AA0C-A12AB1C0A18F} = {09BEAB2A-F47E-4D2B-AE81-8DC1BBB52638}
		{CC0EBCF6-0EE9-4873-BB6F-6A9F4CF84B79} = {435867FA-EE25-4708-9BBA-8509ABC7E389}
	EndGlobalSection
	GlobalSection(ExtensibilityGlobals) = postSolution
		SolutionGuid = {23DF7019-3B25-4B82-8955-25F1DDD72D84}
	EndGlobalSection
EndGlobal
